// !$*UTF8*$!
{
	archiveVersion = 1;
	classes = {
	};
	objectVersion = 50;
	objects = {

/* Begin PBXBuildFile section */
		CA58E8D7276DC0FA00104FF1 /* AppDelegate.swift in Sources */ = {isa = PBXBuildFile; fileRef = CA58E8D6276DC0FA00104FF1 /* AppDelegate.swift */; };
		CA58E8D9276DC0FA00104FF1 /* SceneDelegate.swift in Sources */ = {isa = PBXBuildFile; fileRef = CA58E8D8276DC0FA00104FF1 /* SceneDelegate.swift */; };
		CA58E8DE276DC0FA00104FF1 /* Main.storyboard in Resources */ = {isa = PBXBuildFile; fileRef = CA58E8DC276DC0FA00104FF1 /* Main.storyboard */; };
		CA58E8E0276DC10900104FF1 /* Assets.xcassets in Resources */ = {isa = PBXBuildFile; fileRef = CA58E8DF276DC10900104FF1 /* Assets.xcassets */; };
		CA58E8E3276DC10900104FF1 /* LaunchScreen.storyboard in Resources */ = {isa = PBXBuildFile; fileRef = CA58E8E1276DC10900104FF1 /* LaunchScreen.storyboard */; };
		CA58E8F5276E4D9900104FF1 /* Question.swift in Sources */ = {isa = PBXBuildFile; fileRef = CA58E8F4276E4D9800104FF1 /* Question.swift */; };
		CACB25D32770FF33002B8A03 /* IntroductionViewController.swift in Sources */ = {isa = PBXBuildFile; fileRef = CACB25D02770FF33002B8A03 /* IntroductionViewController.swift */; };
		CACB25D42770FF33002B8A03 /* ResultsViewController.swift in Sources */ = {isa = PBXBuildFile; fileRef = CACB25D12770FF33002B8A03 /* ResultsViewController.swift */; };
		CACB25D52770FF33002B8A03 /* QuestionViewController.swift in Sources */ = {isa = PBXBuildFile; fileRef = CACB25D22770FF33002B8A03 /* QuestionViewController.swift */; };
/* End PBXBuildFile section */

/* Begin PBXFileReference section */
		CA58E8D3276DC0FA00104FF1 /* PersonlQuiz.app */ = {isa = PBXFileReference; explicitFileType = wrapper.application; includeInIndex = 0; path = PersonlQuiz.app; sourceTree = BUILT_PRODUCTS_DIR; };
		CA58E8D6276DC0FA00104FF1 /* AppDelegate.swift */ = {isa = PBXFileReference; lastKnownFileType = sourcecode.swift; path = AppDelegate.swift; sourceTree = "<group>"; };
		CA58E8D8276DC0FA00104FF1 /* SceneDelegate.swift */ = {isa = PBXFileReference; lastKnownFileType = sourcecode.swift; path = SceneDelegate.swift; sourceTree = "<group>"; };
		CA58E8DD276DC0FA00104FF1 /* Base */ = {isa = PBXFileReference; lastKnownFileType = file.storyboard; name = Base; path = Base.lproj/Main.storyboard; sourceTree = "<group>"; };
		CA58E8DF276DC10900104FF1 /* Assets.xcassets */ = {isa = PBXFileReference; lastKnownFileType = folder.assetcatalog; path = Assets.xcassets; sourceTree = "<group>"; };
		CA58E8E2276DC10900104FF1 /* Base */ = {isa = PBXFileReference; lastKnownFileType = file.storyboard; name = Base; path = Base.lproj/LaunchScreen.storyboard; sourceTree = "<group>"; };
		CA58E8E4276DC10900104FF1 /* Info.plist */ = {isa = PBXFileReference; lastKnownFileType = text.plist.xml; path = Info.plist; sourceTree = "<group>"; };
		CA58E8F4276E4D9800104FF1 /* Question.swift */ = {isa = PBXFileReference; lastKnownFileType = sourcecode.swift; name = Question.swift; path = PersonlQuiz/Models/Question.swift; sourceTree = SOURCE_ROOT; };
		CACB25D02770FF33002B8A03 /* IntroductionViewController.swift */ = {isa = PBXFileReference; fileEncoding = 4; lastKnownFileType = sourcecode.swift; path = IntroductionViewController.swift; sourceTree = "<group>"; };
		CACB25D12770FF33002B8A03 /* ResultsViewController.swift */ = {isa = PBXFileReference; fileEncoding = 4; lastKnownFileType = sourcecode.swift; path = ResultsViewController.swift; sourceTree = "<group>"; };
		CACB25D22770FF33002B8A03 /* QuestionViewController.swift */ = {isa = PBXFileReference; fileEncoding = 4; lastKnownFileType = sourcecode.swift; path = QuestionViewController.swift; sourceTree = "<group>"; };
/* End PBXFileReference section */

/* Begin PBXFrameworksBuildPhase section */
		CA58E8D0276DC0FA00104FF1 /* Frameworks */ = {
			isa = PBXFrameworksBuildPhase;
			buildActionMask = 2147483647;
			files = (
			);
			runOnlyForDeploymentPostprocessing = 0;
		};
/* End PBXFrameworksBuildPhase section */

/* Begin PBXGroup section */
		CA58E8CA276DC0FA00104FF1 = {
			isa = PBXGroup;
			children = (
				CA58E8D5276DC0FA00104FF1 /* PersonlQuiz */,
				CA58E8D4276DC0FA00104FF1 /* Products */,
			);
			sourceTree = "<group>";
		};
		CA58E8D4276DC0FA00104FF1 /* Products */ = {
			isa = PBXGroup;
			children = (
				CA58E8D3276DC0FA00104FF1 /* PersonlQuiz.app */,
			);
			name = Products;
			sourceTree = "<group>";
		};
		CA58E8D5276DC0FA00104FF1 /* PersonlQuiz */ = {
			isa = PBXGroup;
			children = (
				CA58E8ED276DC3B100104FF1 /* Storyboards */,
				CA58E8EC276DC3A100104FF1 /* Models */,
				CA58E8EF276DC42800104FF1 /* SuportFiles */,
				CA58E8EB276DC37800104FF1 /* ViewControllers */,
				CA58E8EE276DC40500104FF1 /* Resources */,
			);
			path = PersonlQuiz;
			sourceTree = "<group>";
		};
		CA58E8EB276DC37800104FF1 /* ViewControllers */ = {
			isa = PBXGroup;
			children = (
				CACB25D02770FF33002B8A03 /* IntroductionViewController.swift */,
				CACB25D22770FF33002B8A03 /* QuestionViewController.swift */,
				CACB25D12770FF33002B8A03 /* ResultsViewController.swift */,
			);
			path = ViewControllers;
			sourceTree = "<group>";
		};
		CA58E8EC276DC3A100104FF1 /* Models */ = {
			isa = PBXGroup;
			children = (
				CA58E8F4276E4D9800104FF1 /* Question.swift */,
			);
			path = Models;
			sourceTree = "<group>";
		};
		CA58E8ED276DC3B100104FF1 /* Storyboards */ = {
			isa = PBXGroup;
			children = (
				CA58E8E1276DC10900104FF1 /* LaunchScreen.storyboard */,
				CA58E8DC276DC0FA00104FF1 /* Main.storyboard */,
			);
			path = Storyboards;
			sourceTree = "<group>";
		};
		CA58E8EE276DC40500104FF1 /* Resources */ = {
			isa = PBXGroup;
			children = (
				CA58E8DF276DC10900104FF1 /* Assets.xcassets */,
			);
			path = Resources;
			sourceTree = "<group>";
		};
		CA58E8EF276DC42800104FF1 /* SuportFiles */ = {
			isa = PBXGroup;
			children = (
				CA58E8D6276DC0FA00104FF1 /* AppDelegate.swift */,
				CA58E8D8276DC0FA00104FF1 /* SceneDelegate.swift */,
				CA58E8E4276DC10900104FF1 /* Info.plist */,
			);
			path = SuportFiles;
			sourceTree = "<group>";
		};
/* End PBXGroup section */

/* Begin PBXNativeTarget section */
		CA58E8D2276DC0FA00104FF1 /* PersonlQuiz */ = {
			isa = PBXNativeTarget;
			buildConfigurationList = CA58E8E7276DC10900104FF1 /* Build configuration list for PBXNativeTarget "PersonlQuiz" */;
			buildPhases = (
				CA58E8CF276DC0FA00104FF1 /* Sources */,
				CA58E8D0276DC0FA00104FF1 /* Frameworks */,
				CA58E8D1276DC0FA00104FF1 /* Resources */,
			);
			buildRules = (
			);
			dependencies = (
			);
			name = PersonlQuiz;
			productName = PersonlQuiz;
			productReference = CA58E8D3276DC0FA00104FF1 /* PersonlQuiz.app */;
			productType = "com.apple.product-type.application";
		};
/* End PBXNativeTarget section */

/* Begin PBXProject section */
		CA58E8CB276DC0FA00104FF1 /* Project object */ = {
			isa = PBXProject;
			attributes = {
				LastSwiftUpdateCheck = 1240;
				LastUpgradeCheck = 1240;
				TargetAttributes = {
					CA58E8D2276DC0FA00104FF1 = {
						CreatedOnToolsVersion = 12.4;
					};
				};
			};
			buildConfigurationList = CA58E8CE276DC0FA00104FF1 /* Build configuration list for PBXProject "PersonlQuiz" */;
			compatibilityVersion = "Xcode 9.3";
			developmentRegion = en;
			hasScannedForEncodings = 0;
			knownRegions = (
				en,
				Base,
			);
			mainGroup = CA58E8CA276DC0FA00104FF1;
			productRefGroup = CA58E8D4276DC0FA00104FF1 /* Products */;
			projectDirPath = "";
			projectRoot = "";
			targets = (
				CA58E8D2276DC0FA00104FF1 /* PersonlQuiz */,
			);
		};
/* End PBXProject section */

/* Begin PBXResourcesBuildPhase section */
		CA58E8D1276DC0FA00104FF1 /* Resources */ = {
			isa = PBXResourcesBuildPhase;
			buildActionMask = 2147483647;
			files = (
				CA58E8E3276DC10900104FF1 /* LaunchScreen.storyboard in Resources */,
				CA58E8E0276DC10900104FF1 /* Assets.xcassets in Resources */,
				CA58E8DE276DC0FA00104FF1 /* Main.storyboard in Resources */,
			);
			runOnlyForDeploymentPostprocessing = 0;
		};
/* End PBXResourcesBuildPhase section */

/* Begin PBXSourcesBuildPhase section */
		CA58E8CF276DC0FA00104FF1 /* Sources */ = {
			isa = PBXSourcesBuildPhase;
			buildActionMask = 2147483647;
			files = (
				CACB25D32770FF33002B8A03 /* IntroductionViewController.swift in Sources */,
				CA58E8F5276E4D9900104FF1 /* Question.swift in Sources */,
				CACB25D52770FF33002B8A03 /* QuestionViewController.swift in Sources */,
				CA58E8D7276DC0FA00104FF1 /* AppDelegate.swift in Sources */,
				CACB25D42770FF33002B8A03 /* ResultsViewController.swift in Sources */,
				CA58E8D9276DC0FA00104FF1 /* SceneDelegate.swift in Sources */,
			);
			runOnlyForDeploymentPostprocessing = 0;
		};
/* End PBXSourcesBuildPhase section */

/* Begin PBXVariantGroup section */
		CA58E8DC276DC0FA00104FF1 /* Main.storyboard */ = {
			isa = PBXVariantGroup;
			children = (
				CA58E8DD276DC0FA00104FF1 /* Base */,
			);
			name = Main.storyboard;
			sourceTree = "<group>";
		};
		CA58E8E1276DC10900104FF1 /* LaunchScreen.storyboard */ = {
			isa = PBXVariantGroup;
			children = (
				CA58E8E2276DC10900104FF1 /* Base */,
			);
			name = LaunchScreen.storyboard;
			sourceTree = "<group>";
		};
/* End PBXVariantGroup section */

/* Begin XCBuildConfiguration section */
		CA58E8E5276DC10900104FF1 /* Debug */ = {
			isa = XCBuildConfiguration;
			buildSettings = {
				ALWAYS_SEARCH_USER_PATHS = NO;
				CLANG_ANALYZER_NONNULL = YES;
				CLANG_ANALYZER_NUMBER_OBJECT_CONVERSION = YES_AGGRESSIVE;
				CLANG_CXX_LANGUAGE_STANDARD = "gnu++14";
				CLANG_CXX_LIBRARY = "libc++";
				CLANG_ENABLE_MODULES = YES;
				CLANG_ENABLE_OBJC_ARC = YES;
				CLANG_ENABLE_OBJC_WEAK = YES;
				CLANG_WARN_BLOCK_CAPTURE_AUTORELEASING = YES;
				CLANG_WARN_BOOL_CONVERSION = YES;
				CLANG_WARN_COMMA = YES;
				CLANG_WARN_CONSTANT_CONVERSION = YES;
				CLANG_WARN_DEPRECATED_OBJC_IMPLEMENTATIONS = YES;
				CLANG_WARN_DIRECT_OBJC_ISA_USAGE = YES_ERROR;
				CLANG_WARN_DOCUMENTATION_COMMENTS = YES;
				CLANG_WARN_EMPTY_BODY = YES;
				CLANG_WARN_ENUM_CONVERSION = YES;
				CLANG_WARN_INFINITE_RECURSION = YES;
				CLANG_WARN_INT_CONVERSION = YES;
				CLANG_WARN_NON_LITERAL_NULL_CONVERSION = YES;
				CLANG_WARN_OBJC_IMPLICIT_RETAIN_SELF = YES;
				CLANG_WARN_OBJC_LITERAL_CONVERSION = YES;
				CLANG_WARN_OBJC_ROOT_CLASS = YES_ERROR;
				CLANG_WARN_QUOTED_INCLUDE_IN_FRAMEWORK_HEADER = YES;
				CLANG_WARN_RANGE_LOOP_ANALYSIS = YES;
				CLANG_WARN_STRICT_PROTOTYPES = YES;
				CLANG_WARN_SUSPICIOUS_MOVE = YES;
				CLANG_WARN_UNGUARDED_AVAILABILITY = YES_AGGRESSIVE;
				CLANG_WARN_UNREACHABLE_CODE = YES;
				CLANG_WARN__DUPLICATE_METHOD_MATCH = YES;
				COPY_PHASE_STRIP = NO;
				DEBUG_INFORMATION_FORMAT = dwarf;
				ENABLE_STRICT_OBJC_MSGSEND = YES;
				ENABLE_TESTABILITY = YES;
				GCC_C_LANGUAGE_STANDARD = gnu11;
				GCC_DYNAMIC_NO_PIC = NO;
				GCC_NO_COMMON_BLOCKS = YES;
				GCC_OPTIMIZATION_LEVEL = 0;
				GCC_PREPROCESSOR_DEFINITIONS = (
					"DEBUG=1",
					"$(inherited)",
				);
				GCC_WARN_64_TO_32_BIT_CONVERSION = YES;
				GCC_WARN_ABOUT_RETURN_TYPE = YES_ERROR;
				GCC_WARN_UNDECLARED_SELECTOR = YES;
				GCC_WARN_UNINITIALIZED_AUTOS = YES_AGGRESSIVE;
				GCC_WARN_UNUSED_FUNCTION = YES;
				GCC_WARN_UNUSED_VARIABLE = YES;
				IPHONEOS_DEPLOYMENT_TARGET = 14.4;
				MTL_ENABLE_DEBUG_INFO = INCLUDE_SOURCE;
				MTL_FAST_MATH = YES;
				ONLY_ACTIVE_ARCH = YES;
				SDKROOT = iphoneos;
				SWIFT_ACTIVE_COMPILATION_CONDITIONS = DEBUG;
				SWIFT_OPTIMIZATION_LEVEL = "-Onone";
			};
			name = Debug;
		};
		CA58E8E6276DC10900104FF1 /* Release */ = {
			isa = XCBuildConfiguration;
			buildSettings = {
				ALWAYS_SEARCH_USER_PATHS = NO;
				CLANG_ANALYZER_NONNULL = YES;
				CLANG_ANALYZER_NUMBER_OBJECT_CONVERSION = YES_AGGRESSIVE;
				CLANG_CXX_LANGUAGE_STANDARD = "gnu++14";
				CLANG_CXX_LIBRARY = "libc++";
				CLANG_ENABLE_MODULES = YES;
				CLANG_ENABLE_OBJC_ARC = YES;
				CLANG_ENABLE_OBJC_WEAK = YES;
				CLANG_WARN_BLOCK_CAPTURE_AUTORELEASING = YES;
				CLANG_WARN_BOOL_CONVERSION = YES;
				CLANG_WARN_COMMA = YES;
				CLANG_WARN_CONSTANT_CONVERSION = YES;
				CLANG_WARN_DEPRECATED_OBJC_IMPLEMENTATIONS = YES;
				CLANG_WARN_DIRECT_OBJC_ISA_USAGE = YES_ERROR;
				CLANG_WARN_DOCUMENTATION_COMMENTS = YES;
				CLANG_WARN_EMPTY_BODY = YES;
				CLANG_WARN_ENUM_CONVERSION = YES;
				CLANG_WARN_INFINITE_RECURSION = YES;
				CLANG_WARN_INT_CONVERSION = YES;
				CLANG_WARN_NON_LITERAL_NULL_CONVERSION = YES;
				CLANG_WARN_OBJC_IMPLICIT_RETAIN_SELF = YES;
				CLANG_WARN_OBJC_LITERAL_CONVERSION = YES;
				CLANG_WARN_OBJC_ROOT_CLASS = YES_ERROR;
				CLANG_WARN_QUOTED_INCLUDE_IN_FRAMEWORK_HEADER = YES;
				CLANG_WARN_RANGE_LOOP_ANALYSIS = YES;
				CLANG_WARN_STRICT_PROTOTYPES = YES;
				CLANG_WARN_SUSPICIOUS_MOVE = YES;
				CLANG_WARN_UNGUARDED_AVAILABILITY = YES_AGGRESSIVE;
				CLANG_WARN_UNREACHABLE_CODE = YES;
				CLANG_WARN__DUPLICATE_METHOD_MATCH = YES;
				COPY_PHASE_STRIP = NO;
				DEBUG_INFORMATION_FORMAT = "dwarf-with-dsym";
				ENABLE_NS_ASSERTIONS = NO;
				ENABLE_STRICT_OBJC_MSGSEND = YES;
				GCC_C_LANGUAGE_STANDARD = gnu11;
				GCC_NO_COMMON_BLOCKS = YES;
				GCC_WARN_64_TO_32_BIT_CONVERSION = YES;
				GCC_WARN_ABOUT_RETURN_TYPE = YES_ERROR;
				GCC_WARN_UNDECLARED_SELECTOR = YES;
				GCC_WARN_UNINITIALIZED_AUTOS = YES_AGGRESSIVE;
				GCC_WARN_UNUSED_FUNCTION = YES;
				GCC_WARN_UNUSED_VARIABLE = YES;
				IPHONEOS_DEPLOYMENT_TARGET = 14.4;
				MTL_ENABLE_DEBUG_INFO = NO;
				MTL_FAST_MATH = YES;
				SDKROOT = iphoneos;
				SWIFT_COMPILATION_MODE = wholemodule;
				SWIFT_OPTIMIZATION_LEVEL = "-O";
				VALIDATE_PRODUCT = YES;
			};
			name = Release;
		};
		CA58E8E8276DC10900104FF1 /* Debug */ = {
			isa = XCBuildConfiguration;
			buildSettings = {
				ASSETCATALOG_COMPILER_APPICON_NAME = AppIcon;
				ASSETCATALOG_COMPILER_GLOBAL_ACCENT_COLOR_NAME = AccentColor;
				CODE_SIGN_STYLE = Automatic;
				DEVELOPMENT_TEAM = 8BC5UDJWT2;
				INFOPLIST_FILE = PersonlQuiz/SuportFiles/Info.plist;
				LD_RUNPATH_SEARCH_PATHS = (
					"$(inherited)",
					"@executable_path/Frameworks",
				);
				PRODUCT_BUNDLE_IDENTIFIER = "-.PersonlQuiz";
				PRODUCT_NAME = "$(TARGET_NAME)";
				SWIFT_VERSION = 5.0;
				TARGETED_DEVICE_FAMILY = "1,2";
			};
			name = Debug;
		};
		CA58E8E9276DC10900104FF1 /* Release */ = {
			isa = XCBuildConfiguration;
			buildSettings = {
				ASSETCATALOG_COMPILER_APPICON_NAME = AppIcon;
				ASSETCATALOG_COMPILER_GLOBAL_ACCENT_COLOR_NAME = AccentColor;
				CODE_SIGN_STYLE = Automatic;
				DEVELOPMENT_TEAM = 8BC5UDJWT2;
				INFOPLIST_FILE = PersonlQuiz/SuportFiles/Info.plist;
				LD_RUNPATH_SEARCH_PATHS = (
					"$(inherited)",
					"@executable_path/Frameworks",
				);
				PRODUCT_BUNDLE_IDENTIFIER = "-.PersonlQuiz";
				PRODUCT_NAME = "$(TARGET_NAME)";
				SWIFT_VERSION = 5.0;
				TARGETED_DEVICE_FAMILY = "1,2";
			};
			name = Release;
		};
/* End XCBuildConfiguration section */

/* Begin XCConfigurationList section */
		CA58E8CE276DC0FA00104FF1 /* Build configuration list for PBXProject "PersonlQuiz" */ = {
			isa = XCConfigurationList;
			buildConfigurations = (
				CA58E8E5276DC10900104FF1 /* Debug */,
				CA58E8E6276DC10900104FF1 /* Release */,
			);
			defaultConfigurationIsVisible = 0;
			defaultConfigurationName = Release;
		};
		CA58E8E7276DC10900104FF1 /* Build configuration list for PBXNativeTarget "PersonlQuiz" */ = {
			isa = XCConfigurationList;
			buildConfigurations = (
				CA58E8E8276DC10900104FF1 /* Debug */,
				CA58E8E9276DC10900104FF1 /* Release */,
			);
			defaultConfigurationIsVisible = 0;
			defaultConfigurationName = Release;
		};
/* End XCConfigurationList section */
	};
	rootObject = CA58E8CB276DC0FA00104FF1 /* Project object */;
}
